
Microsoft Visual Studio Solution File, Format Version 12.00
# Visual Studio 15
VisualStudioVersion = 15.0.28010.2036
MinimumVisualStudioVersion = 10.0.40219.1
Project("{8BC9CEB8-8B4A-11D0-8D11-00A0C91BC942}") = "S04_1044", "S04_1044\S04_1044.vcxproj", "{DFA9D968-650D-4E45-9E88-F6BF49B22D0F}"
EndProject
Global
	GlobalSection(SolutionConfigurationPlatforms) = preSolution
		Debug|x64 = Debug|x64
		Debug|x86 = Debug|x86
		Release|x64 = Release|x64
		Release|x86 = Release|x86
	EndGlobalSection
	GlobalSection(ProjectConfigurationPlatforms) = postSolution
		{DFA9D968-650D-4E45-9E88-F6BF49B22D0F}.Debug|x64.ActiveCfg = Debug|x64
		{DFA9D968-650D-4E45-9E88-F6BF49B22D0F}.Debug|x64.Build.0 = Debug|x64
		{DFA9D968-650D-4E45-9E88-F6BF49B22D0F}.Debug|x86.ActiveCfg = Debug|Win32
		{DFA9D968-650D-4E45-9E88-F6BF49B22D0F}.Debug|x86.Build.0 = Debug|Win32
		{DFA9D968-650D-4E45-9E88-F6BF49B22D0F}.Release|x64.ActiveCfg = Release|x64
		{DFA9D968-650D-4E45-9E88-F6BF49B22D0F}.Release|x64.Build.0 = Release|x64
		{DFA9D968-650D-4E45-9E88-F6BF49B22D0F}.Release|x86.ActiveCfg = Release|Win32
		{DFA9D968-650D-4E45-9E88-F6BF49B22D0F}.Release|x86.Build.0 = Release|Win32
	EndGlobalSection
	GlobalSection(SolutionProperties) = preSolution
		HideSolutionNode = FALSE
	EndGlobalSection
	GlobalSection(ExtensibilityGlobals) = postSolution
		SolutionGuid = {5F8FED68-84C8-4C87-9863-E5FB965A7057}
	EndGlobalSection
EndGlobal
