
Microsoft Visual Studio Solution File, Format Version 12.00
# Visual Studio 15
VisualStudioVersion = 15.0.28010.2036
MinimumVisualStudioVersion = 10.0.40219.1
Project("{8BC9CEB8-8B4A-11D0-8D11-00A0C91BC942}") = "S5_1044", "S5_1044\S5_1044.vcxproj", "{02DD4782-6D00-4348-B8B0-B9FBD186C3A3}"
EndProject
Global
	GlobalSection(SolutionConfigurationPlatforms) = preSolution
		Debug|x64 = Debug|x64
		Debug|x86 = Debug|x86
		Release|x64 = Release|x64
		Release|x86 = Release|x86
	EndGlobalSection
	GlobalSection(ProjectConfigurationPlatforms) = postSolution
		{02DD4782-6D00-4348-B8B0-B9FBD186C3A3}.Debug|x64.ActiveCfg = Debug|x64
		{02DD4782-6D00-4348-B8B0-B9FBD186C3A3}.Debug|x64.Build.0 = Debug|x64
		{02DD4782-6D00-4348-B8B0-B9FBD186C3A3}.Debug|x86.ActiveCfg = Debug|Win32
		{02DD4782-6D00-4348-B8B0-B9FBD186C3A3}.Debug|x86.Build.0 = Debug|Win32
		{02DD4782-6D00-4348-B8B0-B9FBD186C3A3}.Release|x64.ActiveCfg = Release|x64
		{02DD4782-6D00-4348-B8B0-B9FBD186C3A3}.Release|x64.Build.0 = Release|x64
		{02DD4782-6D00-4348-B8B0-B9FBD186C3A3}.Release|x86.ActiveCfg = Release|Win32
		{02DD4782-6D00-4348-B8B0-B9FBD186C3A3}.Release|x86.Build.0 = Release|Win32
	EndGlobalSection
	GlobalSection(SolutionProperties) = preSolution
		HideSolutionNode = FALSE
	EndGlobalSection
	GlobalSection(ExtensibilityGlobals) = postSolution
		SolutionGuid = {F1113DD7-2FA4-4522-A497-66BB1F8CD868}
	EndGlobalSection
EndGlobal
